
Microsoft Visual Studio Solution File, Format Version 12.00
# Visual Studio Version 16
VisualStudioVersion = 16.0.30011.22
MinimumVisualStudioVersion = 10.0.40219.1
Project("{9A19103F-16F7-4668-BE54-9A1E7A4F7556}") = "aspnetcore-secrets-replacement-azure-keyvault", "aspnetcore-secrets-replacement-azure-keyvault\aspnetcore-secrets-replacement-azure-keyvault.csproj", "{6150BE1D-CC0E-4645-AF11-0E59C7B71899}"
EndProject
Project("{9A19103F-16F7-4668-BE54-9A1E7A4F7556}") = "aspnetcore-secrets-replacement-core", "aspnetcore-secrets-replacement-core\aspnetcore-secrets-replacement-core.csproj", "{10591A33-4911-4DFF-A67C-98BA64BBD9A8}"
EndProject
Project("{9A19103F-16F7-4668-BE54-9A1E7A4F7556}") = "aspnetcore-secrets-replacement-tests", "aspnetcore-secrets-replacement-tests\aspnetcore-secrets-replacement-tests.csproj", "{E634BCEF-4A72-4936-8AC3-AB8FF3627D50}"
EndProject
Project("{FAE04EC0-301F-11D3-BF4B-00C04F79EFBC}") = "aspnetcore-secrets-replacement-sample", "aspnetcore-secrets-replacement-sample\aspnetcore-secrets-replacement-sample.csproj", "{88B112AA-B6A8-4652-B86A-477FF7EB97CA}"
EndProject
Project("{2150E333-8FDC-42A3-9474-1A3956D46DE8}") = "Tests", "Tests", "{47A89F72-0843-455E-A915-C91E5896728F}"
EndProject
Project("{2150E333-8FDC-42A3-9474-1A3956D46DE8}") = "Samples", "Samples", "{19BE39FD-B001-4324-AD56-CFE72F30B079}"
EndProject
Global
	GlobalSection(SolutionConfigurationPlatforms) = preSolution
		Debug|Any CPU = Debug|Any CPU
		Release|Any CPU = Release|Any CPU
	EndGlobalSection
	GlobalSection(ProjectConfigurationPlatforms) = postSolution
		{6150BE1D-CC0E-4645-AF11-0E59C7B71899}.Debug|Any CPU.ActiveCfg = Debug|Any CPU
		{6150BE1D-CC0E-4645-AF11-0E59C7B71899}.Debug|Any CPU.Build.0 = Debug|Any CPU
		{6150BE1D-CC0E-4645-AF11-0E59C7B71899}.Release|Any CPU.ActiveCfg = Release|Any CPU
		{6150BE1D-CC0E-4645-AF11-0E59C7B71899}.Release|Any CPU.Build.0 = Release|Any CPU
		{10591A33-4911-4DFF-A67C-98BA64BBD9A8}.Debug|Any CPU.ActiveCfg = Debug|Any CPU
		{10591A33-4911-4DFF-A67C-98BA64BBD9A8}.Debug|Any CPU.Build.0 = Debug|Any CPU
		{10591A33-4911-4DFF-A67C-98BA64BBD9A8}.Release|Any CPU.ActiveCfg = Release|Any CPU
		{10591A33-4911-4DFF-A67C-98BA64BBD9A8}.Release|Any CPU.Build.0 = Release|Any CPU
		{E634BCEF-4A72-4936-8AC3-AB8FF3627D50}.Debug|Any CPU.ActiveCfg = Debug|Any CPU
		{E634BCEF-4A72-4936-8AC3-AB8FF3627D50}.Debug|Any CPU.Build.0 = Debug|Any CPU
		{E634BCEF-4A72-4936-8AC3-AB8FF3627D50}.Release|Any CPU.ActiveCfg = Release|Any CPU
		{E634BCEF-4A72-4936-8AC3-AB8FF3627D50}.Release|Any CPU.Build.0 = Release|Any CPU
		{88B112AA-B6A8-4652-B86A-477FF7EB97CA}.Debug|Any CPU.ActiveCfg = Debug|Any CPU
		{88B112AA-B6A8-4652-B86A-477FF7EB97CA}.Debug|Any CPU.Build.0 = Debug|Any CPU
		{88B112AA-B6A8-4652-B86A-477FF7EB97CA}.Release|Any CPU.ActiveCfg = Release|Any CPU
		{88B112AA-B6A8-4652-B86A-477FF7EB97CA}.Release|Any CPU.Build.0 = Release|Any CPU
	EndGlobalSection
	GlobalSection(SolutionProperties) = preSolution
		HideSolutionNode = FALSE
	EndGlobalSection
	GlobalSection(NestedProjects) = preSolution
		{E634BCEF-4A72-4936-8AC3-AB8FF3627D50} = {47A89F72-0843-455E-A915-C91E5896728F}
		{88B112AA-B6A8-4652-B86A-477FF7EB97CA} = {19BE39FD-B001-4324-AD56-CFE72F30B079}
	EndGlobalSection
	GlobalSection(ExtensibilityGlobals) = postSolution
		SolutionGuid = {B9FE61A2-C079-4F1E-9F95-D56E759873C4}
	EndGlobalSection
EndGlobal
